Microsoft Visual Studio Solution File, Format Version 12.00
# Visual Studio 2012
Project("{FAE04EC0-301F-11D3-BF4B-00C04F79EFBC}") = "GodotExtraMath", "GodotExtraMath.csproj", "{71E017DB-7283-4BEE-9431-465263D9B6FA}"
EndProject
Global
	GlobalSection(SolutionConfigurationPlatforms) = preSolution
	Debug|Any CPU = Debug|Any CPU
	ExportDebug|Any CPU = ExportDebug|Any CPU
	ExportRelease|Any CPU = ExportRelease|Any CPU
	EndGlobalSection
	GlobalSection(ProjectConfigurationPlatforms) = postSolution
		{71E017DB-7283-4BEE-9431-465263D9B6FA}.Debug|Any CPU.ActiveCfg = Debug|Any CPU
		{71E017DB-7283-4BEE-9431-465263D9B6FA}.Debug|Any CPU.Build.0 = Debug|Any CPU
		{71E017DB-7283-4BEE-9431-465263D9B6FA}.ExportDebug|Any CPU.ActiveCfg = ExportDebug|Any CPU
		{71E017DB-7283-4BEE-9431-465263D9B6FA}.ExportDebug|Any CPU.Build.0 = ExportDebug|Any CPU
		{71E017DB-7283-4BEE-9431-465263D9B6FA}.ExportRelease|Any CPU.ActiveCfg = ExportRelease|Any CPU
		{71E017DB-7283-4BEE-9431-465263D9B6FA}.ExportRelease|Any CPU.Build.0 = ExportRelease|Any CPU
	EndGlobalSection
EndGlobal
